
Microsoft Visual Studio Solution File, Format Version 12.00
# Visual Studio Version 17
VisualStudioVersion = 17.7.34031.279
MinimumVisualStudioVersion = 10.0.40219.1
Project("{FAE04EC0-301F-11D3-BF4B-00C04F79EFBC}") = "ConsoleApp1", "ConsoleApp1\ConsoleApp1.csproj", "{A5CD25A1-B16B-4775-9277-7DDD18134441}"
EndProject
Global
	GlobalSection(SolutionConfigurationPlatforms) = preSolution
		Debug|Any CPU = Debug|Any CPU
		Release|Any CPU = Release|Any CPU
	EndGlobalSection
	GlobalSection(ProjectConfigurationPlatforms) = postSolution
		{A5CD25A1-B16B-4775-9277-7DDD18134441}.Debug|Any CPU.ActiveCfg = Debug|Any CPU
		{A5CD25A1-B16B-4775-9277-7DDD18134441}.Debug|Any CPU.Build.0 = Debug|Any CPU
		{A5CD25A1-B16B-4775-9277-7DDD18134441}.Release|Any CPU.ActiveCfg = Release|Any CPU
		{A5CD25A1-B16B-4775-9277-7DDD18134441}.Release|Any CPU.Build.0 = Release|Any CPU
	EndGlobalSection
	GlobalSection(SolutionProperties) = preSolution
		HideSolutionNode = FALSE
	EndGlobalSection
	GlobalSection(ExtensibilityGlobals) = postSolution
		SolutionGuid = {360ACB9D-2E56-4EC8-94E5-03B754427059}
	EndGlobalSection
EndGlobal
